
Microsoft Visual Studio Solution File, Format Version 12.00
# Visual Studio Version 17
VisualStudioVersion = 17.11.35222.181
MinimumVisualStudioVersion = 10.0.40219.1
Project("{FAE04EC0-301F-11D3-BF4B-00C04F79EFBC}") = "PROG7312_Part-1_ST10055559", "PROG7312_Part-1_ST10055559\PROG7312_Part-1_ST10055559.csproj", "{624E1667-439F-4244-A52C-6AB011FB6723}"
EndProject
Global
	GlobalSection(SolutionConfigurationPlatforms) = preSolution
		Debug|Any CPU = Debug|Any CPU
		Release|Any CPU = Release|Any CPU
	EndGlobalSection
	GlobalSection(ProjectConfigurationPlatforms) = postSolution
		{624E1667-439F-4244-A52C-6AB011FB6723}.Debug|Any CPU.ActiveCfg = Debug|Any CPU
		{624E1667-439F-4244-A52C-6AB011FB6723}.Debug|Any CPU.Build.0 = Debug|Any CPU
		{624E1667-439F-4244-A52C-6AB011FB6723}.Release|Any CPU.ActiveCfg = Release|Any CPU
		{624E1667-439F-4244-A52C-6AB011FB6723}.Release|Any CPU.Build.0 = Release|Any CPU
	EndGlobalSection
	GlobalSection(SolutionProperties) = preSolution
		HideSolutionNode = FALSE
	EndGlobalSection
	GlobalSection(ExtensibilityGlobals) = postSolution
		SolutionGuid = {04C24191-860C-45F6-9A50-394F4D217DC6}
	EndGlobalSection
EndGlobal
